
Microsoft Visual Studio Solution File, Format Version 12.00
# Visual Studio Version 16
VisualStudioVersion = 16.0.32106.194
MinimumVisualStudioVersion = 10.0.40219.1
Project("{FAE04EC0-301F-11D3-BF4B-00C04F79EFBC}") = "ASPM1_03_Paineis", "ASPM1_03_Paineis\ASPM1_03_Paineis.csproj", "{BB8C19EC-8693-443B-A671-1C934C75185E}"
EndProject
Global
	GlobalSection(SolutionConfigurationPlatforms) = preSolution
		Debug|Any CPU = Debug|Any CPU
		Release|Any CPU = Release|Any CPU
	EndGlobalSection
	GlobalSection(ProjectConfigurationPlatforms) = postSolution
		{BB8C19EC-8693-443B-A671-1C934C75185E}.Debug|Any CPU.ActiveCfg = Debug|Any CPU
		{BB8C19EC-8693-443B-A671-1C934C75185E}.Debug|Any CPU.Build.0 = Debug|Any CPU
		{BB8C19EC-8693-443B-A671-1C934C75185E}.Release|Any CPU.ActiveCfg = Release|Any CPU
		{BB8C19EC-8693-443B-A671-1C934C75185E}.Release|Any CPU.Build.0 = Release|Any CPU
	EndGlobalSection
	GlobalSection(SolutionProperties) = preSolution
		HideSolutionNode = FALSE
	EndGlobalSection
	GlobalSection(ExtensibilityGlobals) = postSolution
		SolutionGuid = {C79F5E1F-1E6E-4A3F-A0B1-72FD1A44297D}
	EndGlobalSection
EndGlobal
