
Microsoft Visual Studio Solution File, Format Version 12.00
# Visual Studio Version 16
VisualStudioVersion = 16.0.30907.101
MinimumVisualStudioVersion = 10.0.40219.1
Project("{FAE04EC0-301F-11D3-BF4B-00C04F79EFBC}") = "1. Referencia - Valor", "1. Referencia - Valor\1. Referencia - Valor.csproj", "{7952C941-A245-468B-80D0-4830C4F71012}"
EndProject
Global
	GlobalSection(SolutionConfigurationPlatforms) = preSolution
		Debug|Any CPU = Debug|Any CPU
		Release|Any CPU = Release|Any CPU
	EndGlobalSection
	GlobalSection(ProjectConfigurationPlatforms) = postSolution
		{7952C941-A245-468B-80D0-4830C4F71012}.Debug|Any CPU.ActiveCfg = Debug|Any CPU
		{7952C941-A245-468B-80D0-4830C4F71012}.Debug|Any CPU.Build.0 = Debug|Any CPU
		{7952C941-A245-468B-80D0-4830C4F71012}.Release|Any CPU.ActiveCfg = Release|Any CPU
		{7952C941-A245-468B-80D0-4830C4F71012}.Release|Any CPU.Build.0 = Release|Any CPU
	EndGlobalSection
	GlobalSection(SolutionProperties) = preSolution
		HideSolutionNode = FALSE
	EndGlobalSection
	GlobalSection(ExtensibilityGlobals) = postSolution
		SolutionGuid = {814094F9-9EE0-4B6B-B513-55CD0ED41929}
	EndGlobalSection
EndGlobal
