
Microsoft Visual Studio Solution File, Format Version 12.00
# Visual Studio Version 16
VisualStudioVersion = 16.0.31205.134
MinimumVisualStudioVersion = 10.0.40219.1
Project("{FAE04EC0-301F-11D3-BF4B-00C04F79EFBC}") = "FileStram StramReader", "FileStram StramReader\FileStram StramReader.csproj", "{4C2BF658-B40F-43A3-BBF6-46429D789052}"
EndProject
Global
	GlobalSection(SolutionConfigurationPlatforms) = preSolution
		Debug|Any CPU = Debug|Any CPU
		Release|Any CPU = Release|Any CPU
	EndGlobalSection
	GlobalSection(ProjectConfigurationPlatforms) = postSolution
		{4C2BF658-B40F-43A3-BBF6-46429D789052}.Debug|Any CPU.ActiveCfg = Debug|Any CPU
		{4C2BF658-B40F-43A3-BBF6-46429D789052}.Debug|Any CPU.Build.0 = Debug|Any CPU
		{4C2BF658-B40F-43A3-BBF6-46429D789052}.Release|Any CPU.ActiveCfg = Release|Any CPU
		{4C2BF658-B40F-43A3-BBF6-46429D789052}.Release|Any CPU.Build.0 = Release|Any CPU
	EndGlobalSection
	GlobalSection(SolutionProperties) = preSolution
		HideSolutionNode = FALSE
	EndGlobalSection
	GlobalSection(ExtensibilityGlobals) = postSolution
		SolutionGuid = {A147A105-3794-440D-B9CA-486A86C33843}
	EndGlobalSection
EndGlobal
