
Microsoft Visual Studio Solution File, Format Version 12.00
# Visual Studio Version 16
VisualStudioVersion = 16.0.32002.261
MinimumVisualStudioVersion = 10.0.40219.1
Project("{FAE04EC0-301F-11D3-BF4B-00C04F79EFBC}") = "Componentes1", "Componentes1\Componentes1.csproj", "{5A675A79-46EC-472A-AD6F-D806561CC6C8}"
EndProject
Global
	GlobalSection(SolutionConfigurationPlatforms) = preSolution
		Debug|Any CPU = Debug|Any CPU
		Release|Any CPU = Release|Any CPU
	EndGlobalSection
	GlobalSection(ProjectConfigurationPlatforms) = postSolution
		{5A675A79-46EC-472A-AD6F-D806561CC6C8}.Debug|Any CPU.ActiveCfg = Debug|Any CPU
		{5A675A79-46EC-472A-AD6F-D806561CC6C8}.Debug|Any CPU.Build.0 = Debug|Any CPU
		{5A675A79-46EC-472A-AD6F-D806561CC6C8}.Release|Any CPU.ActiveCfg = Release|Any CPU
		{5A675A79-46EC-472A-AD6F-D806561CC6C8}.Release|Any CPU.Build.0 = Release|Any CPU
	EndGlobalSection
	GlobalSection(SolutionProperties) = preSolution
		HideSolutionNode = FALSE
	EndGlobalSection
	GlobalSection(ExtensibilityGlobals) = postSolution
		SolutionGuid = {6593D675-FD13-4A91-B006-EB904D0C2B0F}
	EndGlobalSection
EndGlobal
