
Microsoft Visual Studio Solution File, Format Version 12.00
# Visual Studio Version 16
VisualStudioVersion = 16.0.30621.155
MinimumVisualStudioVersion = 10.0.40219.1
Project("{FAE04EC0-301F-11D3-BF4B-00C04F79EFBC}") = "3. Gasolina", "3. Gasolina\3. Gasolina.csproj", "{E10B86B6-B337-4616-8C32-9DDA3D422B98}"
EndProject
Global
	GlobalSection(SolutionConfigurationPlatforms) = preSolution
		Debug|Any CPU = Debug|Any CPU
		Release|Any CPU = Release|Any CPU
	EndGlobalSection
	GlobalSection(ProjectConfigurationPlatforms) = postSolution
		{E10B86B6-B337-4616-8C32-9DDA3D422B98}.Debug|Any CPU.ActiveCfg = Debug|Any CPU
		{E10B86B6-B337-4616-8C32-9DDA3D422B98}.Debug|Any CPU.Build.0 = Debug|Any CPU
		{E10B86B6-B337-4616-8C32-9DDA3D422B98}.Release|Any CPU.ActiveCfg = Release|Any CPU
		{E10B86B6-B337-4616-8C32-9DDA3D422B98}.Release|Any CPU.Build.0 = Release|Any CPU
	EndGlobalSection
	GlobalSection(SolutionProperties) = preSolution
		HideSolutionNode = FALSE
	EndGlobalSection
	GlobalSection(ExtensibilityGlobals) = postSolution
		SolutionGuid = {2F90BA62-8040-4466-89A8-FDA72ACB22AC}
	EndGlobalSection
EndGlobal
