
Microsoft Visual Studio Solution File, Format Version 12.00
# Visual Studio Version 16
VisualStudioVersion = 16.0.31005.135
MinimumVisualStudioVersion = 10.0.40219.1
Project("{FAE04EC0-301F-11D3-BF4B-00C04F79EFBC}") = "8.4 Revisao", "8.4 Revisao\8.4 Revisao.csproj", "{D6F6C9EA-859B-4450-AF5A-4040DB171AD2}"
EndProject
Global
	GlobalSection(SolutionConfigurationPlatforms) = preSolution
		Debug|Any CPU = Debug|Any CPU
		Release|Any CPU = Release|Any CPU
	EndGlobalSection
	GlobalSection(ProjectConfigurationPlatforms) = postSolution
		{D6F6C9EA-859B-4450-AF5A-4040DB171AD2}.Debug|Any CPU.ActiveCfg = Debug|Any CPU
		{D6F6C9EA-859B-4450-AF5A-4040DB171AD2}.Debug|Any CPU.Build.0 = Debug|Any CPU
		{D6F6C9EA-859B-4450-AF5A-4040DB171AD2}.Release|Any CPU.ActiveCfg = Release|Any CPU
		{D6F6C9EA-859B-4450-AF5A-4040DB171AD2}.Release|Any CPU.Build.0 = Release|Any CPU
	EndGlobalSection
	GlobalSection(SolutionProperties) = preSolution
		HideSolutionNode = FALSE
	EndGlobalSection
	GlobalSection(ExtensibilityGlobals) = postSolution
		SolutionGuid = {6C1A8771-6F88-4D62-8BE3-15A147CABEFD}
	EndGlobalSection
EndGlobal
