
Microsoft Visual Studio Solution File, Format Version 12.00
# Visual Studio Version 16
VisualStudioVersion = 16.0.31005.135
MinimumVisualStudioVersion = 10.0.40219.1
Project("{FAE04EC0-301F-11D3-BF4B-00C04F79EFBC}") = "Métodos Abstratos", "Métodos Abstratos\Métodos Abstratos.csproj", "{00C699E5-BC1F-4067-AD62-DA8F8EF5CEA3}"
EndProject
Global
	GlobalSection(SolutionConfigurationPlatforms) = preSolution
		Debug|Any CPU = Debug|Any CPU
		Release|Any CPU = Release|Any CPU
	EndGlobalSection
	GlobalSection(ProjectConfigurationPlatforms) = postSolution
		{00C699E5-BC1F-4067-AD62-DA8F8EF5CEA3}.Debug|Any CPU.ActiveCfg = Debug|Any CPU
		{00C699E5-BC1F-4067-AD62-DA8F8EF5CEA3}.Debug|Any CPU.Build.0 = Debug|Any CPU
		{00C699E5-BC1F-4067-AD62-DA8F8EF5CEA3}.Release|Any CPU.ActiveCfg = Release|Any CPU
		{00C699E5-BC1F-4067-AD62-DA8F8EF5CEA3}.Release|Any CPU.Build.0 = Release|Any CPU
	EndGlobalSection
	GlobalSection(SolutionProperties) = preSolution
		HideSolutionNode = FALSE
	EndGlobalSection
	GlobalSection(ExtensibilityGlobals) = postSolution
		SolutionGuid = {355D2D4C-5B52-495F-A74B-FB50E8CEF6AC}
	EndGlobalSection
EndGlobal
