
Microsoft Visual Studio Solution File, Format Version 12.00
# Visual Studio Version 16
VisualStudioVersion = 16.0.30907.101
MinimumVisualStudioVersion = 10.0.40219.1
Project("{FAE04EC0-301F-11D3-BF4B-00C04F79EFBC}") = "5. Ref e Out", "5. Ref e Out\5. Ref e Out.csproj", "{6582295E-71FF-4A30-B60A-09843EFD8EB1}"
EndProject
Global
	GlobalSection(SolutionConfigurationPlatforms) = preSolution
		Debug|Any CPU = Debug|Any CPU
		Release|Any CPU = Release|Any CPU
	EndGlobalSection
	GlobalSection(ProjectConfigurationPlatforms) = postSolution
		{6582295E-71FF-4A30-B60A-09843EFD8EB1}.Debug|Any CPU.ActiveCfg = Debug|Any CPU
		{6582295E-71FF-4A30-B60A-09843EFD8EB1}.Debug|Any CPU.Build.0 = Debug|Any CPU
		{6582295E-71FF-4A30-B60A-09843EFD8EB1}.Release|Any CPU.ActiveCfg = Release|Any CPU
		{6582295E-71FF-4A30-B60A-09843EFD8EB1}.Release|Any CPU.Build.0 = Release|Any CPU
	EndGlobalSection
	GlobalSection(SolutionProperties) = preSolution
		HideSolutionNode = FALSE
	EndGlobalSection
	GlobalSection(ExtensibilityGlobals) = postSolution
		SolutionGuid = {46B2EE25-E743-41EF-A3E3-2DF6A15A06F9}
	EndGlobalSection
EndGlobal
