
Microsoft Visual Studio Solution File, Format Version 12.00
# Visual Studio Version 16
VisualStudioVersion = 16.0.30621.155
MinimumVisualStudioVersion = 10.0.40219.1
Project("{FAE04EC0-301F-11D3-BF4B-00C04F79EFBC}") = "4. Estoque", "4. Estoque\4. Estoque.csproj", "{DADE17DB-ED30-4D7C-A294-84F5BEE0F32A}"
EndProject
Global
	GlobalSection(SolutionConfigurationPlatforms) = preSolution
		Debug|Any CPU = Debug|Any CPU
		Release|Any CPU = Release|Any CPU
	EndGlobalSection
	GlobalSection(ProjectConfigurationPlatforms) = postSolution
		{DADE17DB-ED30-4D7C-A294-84F5BEE0F32A}.Debug|Any CPU.ActiveCfg = Debug|Any CPU
		{DADE17DB-ED30-4D7C-A294-84F5BEE0F32A}.Debug|Any CPU.Build.0 = Debug|Any CPU
		{DADE17DB-ED30-4D7C-A294-84F5BEE0F32A}.Release|Any CPU.ActiveCfg = Release|Any CPU
		{DADE17DB-ED30-4D7C-A294-84F5BEE0F32A}.Release|Any CPU.Build.0 = Release|Any CPU
	EndGlobalSection
	GlobalSection(SolutionProperties) = preSolution
		HideSolutionNode = FALSE
	EndGlobalSection
	GlobalSection(ExtensibilityGlobals) = postSolution
		SolutionGuid = {F57C0AA3-B96B-4525-8053-BFEAD5870275}
	EndGlobalSection
EndGlobal
