
Microsoft Visual Studio Solution File, Format Version 12.00
# Visual Studio Version 16
VisualStudioVersion = 16.0.31205.134
MinimumVisualStudioVersion = 10.0.40219.1
Project("{FAE04EC0-301F-11D3-BF4B-00C04F79EFBC}") = "Directory DirectoryInfo", "Directory DirectoryInfo\Directory DirectoryInfo.csproj", "{11D120B4-DE32-4BA0-ABDC-32D850E56D88}"
EndProject
Global
	GlobalSection(SolutionConfigurationPlatforms) = preSolution
		Debug|Any CPU = Debug|Any CPU
		Release|Any CPU = Release|Any CPU
	EndGlobalSection
	GlobalSection(ProjectConfigurationPlatforms) = postSolution
		{11D120B4-DE32-4BA0-ABDC-32D850E56D88}.Debug|Any CPU.ActiveCfg = Debug|Any CPU
		{11D120B4-DE32-4BA0-ABDC-32D850E56D88}.Debug|Any CPU.Build.0 = Debug|Any CPU
		{11D120B4-DE32-4BA0-ABDC-32D850E56D88}.Release|Any CPU.ActiveCfg = Release|Any CPU
		{11D120B4-DE32-4BA0-ABDC-32D850E56D88}.Release|Any CPU.Build.0 = Release|Any CPU
	EndGlobalSection
	GlobalSection(SolutionProperties) = preSolution
		HideSolutionNode = FALSE
	EndGlobalSection
	GlobalSection(ExtensibilityGlobals) = postSolution
		SolutionGuid = {2CEE7286-75C2-4324-9033-88639C1E4F0D}
	EndGlobalSection
EndGlobal
