
Microsoft Visual Studio Solution File, Format Version 12.00
# Visual Studio Version 16
VisualStudioVersion = 16.0.31313.79
MinimumVisualStudioVersion = 10.0.40219.1
Project("{FAE04EC0-301F-11D3-BF4B-00C04F79EFBC}") = "BlocoUsing", "BlocoUsing\BlocoUsing.csproj", "{57AB94B9-FB42-402D-92FE-4C2390694A9D}"
EndProject
Global
	GlobalSection(SolutionConfigurationPlatforms) = preSolution
		Debug|Any CPU = Debug|Any CPU
		Release|Any CPU = Release|Any CPU
	EndGlobalSection
	GlobalSection(ProjectConfigurationPlatforms) = postSolution
		{57AB94B9-FB42-402D-92FE-4C2390694A9D}.Debug|Any CPU.ActiveCfg = Debug|Any CPU
		{57AB94B9-FB42-402D-92FE-4C2390694A9D}.Debug|Any CPU.Build.0 = Debug|Any CPU
		{57AB94B9-FB42-402D-92FE-4C2390694A9D}.Release|Any CPU.ActiveCfg = Release|Any CPU
		{57AB94B9-FB42-402D-92FE-4C2390694A9D}.Release|Any CPU.Build.0 = Release|Any CPU
	EndGlobalSection
	GlobalSection(SolutionProperties) = preSolution
		HideSolutionNode = FALSE
	EndGlobalSection
	GlobalSection(ExtensibilityGlobals) = postSolution
		SolutionGuid = {CC9D13D5-D983-414E-BA6F-9A2C08BE1250}
	EndGlobalSection
EndGlobal
