
Microsoft Visual Studio Solution File, Format Version 12.00
# Visual Studio Version 16
VisualStudioVersion = 16.0.31005.135
MinimumVisualStudioVersion = 10.0.40219.1
Project("{FAE04EC0-301F-11D3-BF4B-00C04F79EFBC}") = "8. DateTimeKind e iso 8601", "8. DateTimeKind e iso 8601\8. DateTimeKind e iso 8601.csproj", "{93EB18E8-256B-4B77-BEBA-668F27F02DC7}"
EndProject
Global
	GlobalSection(SolutionConfigurationPlatforms) = preSolution
		Debug|Any CPU = Debug|Any CPU
		Release|Any CPU = Release|Any CPU
	EndGlobalSection
	GlobalSection(ProjectConfigurationPlatforms) = postSolution
		{93EB18E8-256B-4B77-BEBA-668F27F02DC7}.Debug|Any CPU.ActiveCfg = Debug|Any CPU
		{93EB18E8-256B-4B77-BEBA-668F27F02DC7}.Debug|Any CPU.Build.0 = Debug|Any CPU
		{93EB18E8-256B-4B77-BEBA-668F27F02DC7}.Release|Any CPU.ActiveCfg = Release|Any CPU
		{93EB18E8-256B-4B77-BEBA-668F27F02DC7}.Release|Any CPU.Build.0 = Release|Any CPU
	EndGlobalSection
	GlobalSection(SolutionProperties) = preSolution
		HideSolutionNode = FALSE
	EndGlobalSection
	GlobalSection(ExtensibilityGlobals) = postSolution
		SolutionGuid = {20E42A9A-C7E8-4F3A-8EA3-7028405D3761}
	EndGlobalSection
EndGlobal
