
Microsoft Visual Studio Solution File, Format Version 12.00
# Visual Studio Version 16
VisualStudioVersion = 16.0.30621.155
MinimumVisualStudioVersion = 10.0.40219.1
Project("{FAE04EC0-301F-11D3-BF4B-00C04F79EFBC}") = "6. Membros Estáticos", "6. Membros Estáticos\6. Membros Estáticos.csproj", "{EC371CC1-598C-435D-B62E-2F431AA387DA}"
EndProject
Global
	GlobalSection(SolutionConfigurationPlatforms) = preSolution
		Debug|Any CPU = Debug|Any CPU
		Release|Any CPU = Release|Any CPU
	EndGlobalSection
	GlobalSection(ProjectConfigurationPlatforms) = postSolution
		{EC371CC1-598C-435D-B62E-2F431AA387DA}.Debug|Any CPU.ActiveCfg = Debug|Any CPU
		{EC371CC1-598C-435D-B62E-2F431AA387DA}.Debug|Any CPU.Build.0 = Debug|Any CPU
		{EC371CC1-598C-435D-B62E-2F431AA387DA}.Release|Any CPU.ActiveCfg = Release|Any CPU
		{EC371CC1-598C-435D-B62E-2F431AA387DA}.Release|Any CPU.Build.0 = Release|Any CPU
	EndGlobalSection
	GlobalSection(SolutionProperties) = preSolution
		HideSolutionNode = FALSE
	EndGlobalSection
	GlobalSection(ExtensibilityGlobals) = postSolution
		SolutionGuid = {53D0198A-6AEF-4EBE-81E7-FC57E2B760D6}
	EndGlobalSection
EndGlobal
