
Microsoft Visual Studio Solution File, Format Version 12.00
# Visual Studio Version 16
VisualStudioVersion = 16.0.31313.79
MinimumVisualStudioVersion = 10.0.40219.1
Project("{FAE04EC0-301F-11D3-BF4B-00C04F79EFBC}") = "StreamWriter", "StreamWriter\StreamWriter.csproj", "{E290260D-873E-46BD-89C8-241D32B9EC95}"
EndProject
Global
	GlobalSection(SolutionConfigurationPlatforms) = preSolution
		Debug|Any CPU = Debug|Any CPU
		Release|Any CPU = Release|Any CPU
	EndGlobalSection
	GlobalSection(ProjectConfigurationPlatforms) = postSolution
		{E290260D-873E-46BD-89C8-241D32B9EC95}.Debug|Any CPU.ActiveCfg = Debug|Any CPU
		{E290260D-873E-46BD-89C8-241D32B9EC95}.Debug|Any CPU.Build.0 = Debug|Any CPU
		{E290260D-873E-46BD-89C8-241D32B9EC95}.Release|Any CPU.ActiveCfg = Release|Any CPU
		{E290260D-873E-46BD-89C8-241D32B9EC95}.Release|Any CPU.Build.0 = Release|Any CPU
	EndGlobalSection
	GlobalSection(SolutionProperties) = preSolution
		HideSolutionNode = FALSE
	EndGlobalSection
	GlobalSection(ExtensibilityGlobals) = postSolution
		SolutionGuid = {B4E494F5-DF52-444D-AA18-A8FBDD036FA9}
	EndGlobalSection
EndGlobal
