
Microsoft Visual Studio Solution File, Format Version 12.00
# Visual Studio Version 16
VisualStudioVersion = 16.0.32428.217
MinimumVisualStudioVersion = 10.0.40219.1
Project("{FAE04EC0-301F-11D3-BF4B-00C04F79EFBC}") = "Operadores Aritmeticos", "Operadores Aritmeticos\Operadores Aritmeticos.csproj", "{C55F3DEF-21BB-4C73-9FFA-1955044090CD}"
EndProject
Global
	GlobalSection(SolutionConfigurationPlatforms) = preSolution
		Debug|Any CPU = Debug|Any CPU
		Release|Any CPU = Release|Any CPU
	EndGlobalSection
	GlobalSection(ProjectConfigurationPlatforms) = postSolution
		{C55F3DEF-21BB-4C73-9FFA-1955044090CD}.Debug|Any CPU.ActiveCfg = Debug|Any CPU
		{C55F3DEF-21BB-4C73-9FFA-1955044090CD}.Debug|Any CPU.Build.0 = Debug|Any CPU
		{C55F3DEF-21BB-4C73-9FFA-1955044090CD}.Release|Any CPU.ActiveCfg = Release|Any CPU
		{C55F3DEF-21BB-4C73-9FFA-1955044090CD}.Release|Any CPU.Build.0 = Release|Any CPU
	EndGlobalSection
	GlobalSection(SolutionProperties) = preSolution
		HideSolutionNode = FALSE
	EndGlobalSection
	GlobalSection(ExtensibilityGlobals) = postSolution
		SolutionGuid = {5A0811DF-E950-49BD-8405-070F3F9F9D96}
	EndGlobalSection
EndGlobal
