
Microsoft Visual Studio Solution File, Format Version 12.00
# Visual Studio Version 16
VisualStudioVersion = 16.0.31005.135
MinimumVisualStudioVersion = 10.0.40219.1
Project("{FAE04EC0-301F-11D3-BF4B-00C04F79EFBC}") = "4. Params", "4. Params\4. Params.csproj", "{3ED07DE0-767D-4794-8D60-15DE54353245}"
EndProject
Global
	GlobalSection(SolutionConfigurationPlatforms) = preSolution
		Debug|Any CPU = Debug|Any CPU
		Release|Any CPU = Release|Any CPU
	EndGlobalSection
	GlobalSection(ProjectConfigurationPlatforms) = postSolution
		{3ED07DE0-767D-4794-8D60-15DE54353245}.Debug|Any CPU.ActiveCfg = Debug|Any CPU
		{3ED07DE0-767D-4794-8D60-15DE54353245}.Debug|Any CPU.Build.0 = Debug|Any CPU
		{3ED07DE0-767D-4794-8D60-15DE54353245}.Release|Any CPU.ActiveCfg = Release|Any CPU
		{3ED07DE0-767D-4794-8D60-15DE54353245}.Release|Any CPU.Build.0 = Release|Any CPU
	EndGlobalSection
	GlobalSection(SolutionProperties) = preSolution
		HideSolutionNode = FALSE
	EndGlobalSection
	GlobalSection(ExtensibilityGlobals) = postSolution
		SolutionGuid = {02782821-6E3D-4564-9453-C520D36DECE5}
	EndGlobalSection
EndGlobal
