
Microsoft Visual Studio Solution File, Format Version 12.00
# Visual Studio Version 16
VisualStudioVersion = 16.0.31205.134
MinimumVisualStudioVersion = 10.0.40219.1
Project("{FAE04EC0-301F-11D3-BF4B-00C04F79EFBC}") = "Path", "Path\Path.csproj", "{DF9FDBF6-B17C-45BD-89D3-33C6ACA7DE0E}"
EndProject
Global
	GlobalSection(SolutionConfigurationPlatforms) = preSolution
		Debug|Any CPU = Debug|Any CPU
		Release|Any CPU = Release|Any CPU
	EndGlobalSection
	GlobalSection(ProjectConfigurationPlatforms) = postSolution
		{DF9FDBF6-B17C-45BD-89D3-33C6ACA7DE0E}.Debug|Any CPU.ActiveCfg = Debug|Any CPU
		{DF9FDBF6-B17C-45BD-89D3-33C6ACA7DE0E}.Debug|Any CPU.Build.0 = Debug|Any CPU
		{DF9FDBF6-B17C-45BD-89D3-33C6ACA7DE0E}.Release|Any CPU.ActiveCfg = Release|Any CPU
		{DF9FDBF6-B17C-45BD-89D3-33C6ACA7DE0E}.Release|Any CPU.Build.0 = Release|Any CPU
	EndGlobalSection
	GlobalSection(SolutionProperties) = preSolution
		HideSolutionNode = FALSE
	EndGlobalSection
	GlobalSection(ExtensibilityGlobals) = postSolution
		SolutionGuid = {B4DAB820-10B3-43F0-B178-9C0F99A7F8B4}
	EndGlobalSection
EndGlobal
