
Microsoft Visual Studio Solution File, Format Version 12.00
# Visual Studio Version 16
VisualStudioVersion = 16.0.31729.503
MinimumVisualStudioVersion = 10.0.40219.1
Project("{FAE04EC0-301F-11D3-BF4B-00C04F79EFBC}") = "Loja", "Loja\Loja.csproj", "{FD914B19-6226-4EEC-8F3F-31F7EA9C3593}"
EndProject
Global
	GlobalSection(SolutionConfigurationPlatforms) = preSolution
		Debug|Any CPU = Debug|Any CPU
		Release|Any CPU = Release|Any CPU
	EndGlobalSection
	GlobalSection(ProjectConfigurationPlatforms) = postSolution
		{FD914B19-6226-4EEC-8F3F-31F7EA9C3593}.Debug|Any CPU.ActiveCfg = Debug|Any CPU
		{FD914B19-6226-4EEC-8F3F-31F7EA9C3593}.Debug|Any CPU.Build.0 = Debug|Any CPU
		{FD914B19-6226-4EEC-8F3F-31F7EA9C3593}.Release|Any CPU.ActiveCfg = Release|Any CPU
		{FD914B19-6226-4EEC-8F3F-31F7EA9C3593}.Release|Any CPU.Build.0 = Release|Any CPU
	EndGlobalSection
	GlobalSection(SolutionProperties) = preSolution
		HideSolutionNode = FALSE
	EndGlobalSection
	GlobalSection(ExtensibilityGlobals) = postSolution
		SolutionGuid = {C2618E9A-8406-411F-9141-3F155730BF7D}
	EndGlobalSection
EndGlobal
