
Microsoft Visual Studio Solution File, Format Version 12.00
# Visual Studio Version 16
VisualStudioVersion = 16.0.32106.194
MinimumVisualStudioVersion = 10.0.40219.1
Project("{FAE04EC0-301F-11D3-BF4B-00C04F79EFBC}") = "ASPM1_04_Tabuada", "ASPM1_04_Tabuada\ASPM1_04_Tabuada.csproj", "{D2A160B0-E977-4CD1-8A07-8A390763D721}"
EndProject
Global
	GlobalSection(SolutionConfigurationPlatforms) = preSolution
		Debug|Any CPU = Debug|Any CPU
		Release|Any CPU = Release|Any CPU
	EndGlobalSection
	GlobalSection(ProjectConfigurationPlatforms) = postSolution
		{D2A160B0-E977-4CD1-8A07-8A390763D721}.Debug|Any CPU.ActiveCfg = Debug|Any CPU
		{D2A160B0-E977-4CD1-8A07-8A390763D721}.Debug|Any CPU.Build.0 = Debug|Any CPU
		{D2A160B0-E977-4CD1-8A07-8A390763D721}.Release|Any CPU.ActiveCfg = Release|Any CPU
		{D2A160B0-E977-4CD1-8A07-8A390763D721}.Release|Any CPU.Build.0 = Release|Any CPU
	EndGlobalSection
	GlobalSection(SolutionProperties) = preSolution
		HideSolutionNode = FALSE
	EndGlobalSection
	GlobalSection(ExtensibilityGlobals) = postSolution
		SolutionGuid = {BD29FF19-87A9-4390-8654-87C599286A2A}
	EndGlobalSection
EndGlobal
