
Microsoft Visual Studio Solution File, Format Version 12.00
# Visual Studio Version 16
VisualStudioVersion = 16.0.31729.503
MinimumVisualStudioVersion = 10.0.40219.1
Project("{FAE04EC0-301F-11D3-BF4B-00C04F79EFBC}") = "ConsoleApp1", "ConsoleApp1\ConsoleApp1.csproj", "{B4EAB765-C619-4AD5-95F3-919C3B2EA42B}"
EndProject
Global
	GlobalSection(SolutionConfigurationPlatforms) = preSolution
		Debug|Any CPU = Debug|Any CPU
		Release|Any CPU = Release|Any CPU
	EndGlobalSection
	GlobalSection(ProjectConfigurationPlatforms) = postSolution
		{B4EAB765-C619-4AD5-95F3-919C3B2EA42B}.Debug|Any CPU.ActiveCfg = Debug|Any CPU
		{B4EAB765-C619-4AD5-95F3-919C3B2EA42B}.Debug|Any CPU.Build.0 = Debug|Any CPU
		{B4EAB765-C619-4AD5-95F3-919C3B2EA42B}.Release|Any CPU.ActiveCfg = Release|Any CPU
		{B4EAB765-C619-4AD5-95F3-919C3B2EA42B}.Release|Any CPU.Build.0 = Release|Any CPU
	EndGlobalSection
	GlobalSection(SolutionProperties) = preSolution
		HideSolutionNode = FALSE
	EndGlobalSection
	GlobalSection(ExtensibilityGlobals) = postSolution
		SolutionGuid = {1BDB3A8A-55B5-47F4-9CDA-052D4FED0764}
	EndGlobalSection
EndGlobal
