
Microsoft Visual Studio Solution File, Format Version 12.00
# Visual Studio Version 16
VisualStudioVersion = 16.0.31005.135
MinimumVisualStudioVersion = 10.0.40219.1
Project("{FAE04EC0-301F-11D3-BF4B-00C04F79EFBC}") = "8.2 Revisao-Exercicio", "8.2 Revisao-Exercicio\8.2 Revisao-Exercicio.csproj", "{38202618-8742-4D53-B35F-AFEEBD40869C}"
EndProject
Global
	GlobalSection(SolutionConfigurationPlatforms) = preSolution
		Debug|Any CPU = Debug|Any CPU
		Release|Any CPU = Release|Any CPU
	EndGlobalSection
	GlobalSection(ProjectConfigurationPlatforms) = postSolution
		{38202618-8742-4D53-B35F-AFEEBD40869C}.Debug|Any CPU.ActiveCfg = Debug|Any CPU
		{38202618-8742-4D53-B35F-AFEEBD40869C}.Debug|Any CPU.Build.0 = Debug|Any CPU
		{38202618-8742-4D53-B35F-AFEEBD40869C}.Release|Any CPU.ActiveCfg = Release|Any CPU
		{38202618-8742-4D53-B35F-AFEEBD40869C}.Release|Any CPU.Build.0 = Release|Any CPU
	EndGlobalSection
	GlobalSection(SolutionProperties) = preSolution
		HideSolutionNode = FALSE
	EndGlobalSection
	GlobalSection(ExtensibilityGlobals) = postSolution
		SolutionGuid = {69A37E19-18B4-414D-A916-E741CEC16040}
	EndGlobalSection
EndGlobal
