
Microsoft Visual Studio Solution File, Format Version 12.00
# Visual Studio Version 16
VisualStudioVersion = 16.0.30621.155
MinimumVisualStudioVersion = 10.0.40219.1
Project("{FAE04EC0-301F-11D3-BF4B-00C04F79EFBC}") = "8. Estrutura Repetitiva - FOR", "8. Estrutura Repetitiva - FOR\8. Estrutura Repetitiva - FOR.csproj", "{DE315AE3-BE0A-4AB0-A8FD-0A878A268CFA}"
EndProject
Global
	GlobalSection(SolutionConfigurationPlatforms) = preSolution
		Debug|Any CPU = Debug|Any CPU
		Release|Any CPU = Release|Any CPU
	EndGlobalSection
	GlobalSection(ProjectConfigurationPlatforms) = postSolution
		{DE315AE3-BE0A-4AB0-A8FD-0A878A268CFA}.Debug|Any CPU.ActiveCfg = Debug|Any CPU
		{DE315AE3-BE0A-4AB0-A8FD-0A878A268CFA}.Debug|Any CPU.Build.0 = Debug|Any CPU
		{DE315AE3-BE0A-4AB0-A8FD-0A878A268CFA}.Release|Any CPU.ActiveCfg = Release|Any CPU
		{DE315AE3-BE0A-4AB0-A8FD-0A878A268CFA}.Release|Any CPU.Build.0 = Release|Any CPU
	EndGlobalSection
	GlobalSection(SolutionProperties) = preSolution
		HideSolutionNode = FALSE
	EndGlobalSection
	GlobalSection(ExtensibilityGlobals) = postSolution
		SolutionGuid = {F5AFCCC4-FA0F-4448-8BC9-813F01D49E4A}
	EndGlobalSection
EndGlobal
