
Microsoft Visual Studio Solution File, Format Version 12.00
# Visual Studio Version 16
VisualStudioVersion = 16.0.31005.135
MinimumVisualStudioVersion = 10.0.40219.1
Project("{FAE04EC0-301F-11D3-BF4B-00C04F79EFBC}") = "1. Enumeracoes", "1. Enumeracoes\1. Enumeracoes.csproj", "{EA75A689-32DB-4133-BE3B-F0EAEC6B2A61}"
EndProject
Global
	GlobalSection(SolutionConfigurationPlatforms) = preSolution
		Debug|Any CPU = Debug|Any CPU
		Release|Any CPU = Release|Any CPU
	EndGlobalSection
	GlobalSection(ProjectConfigurationPlatforms) = postSolution
		{EA75A689-32DB-4133-BE3B-F0EAEC6B2A61}.Debug|Any CPU.ActiveCfg = Debug|Any CPU
		{EA75A689-32DB-4133-BE3B-F0EAEC6B2A61}.Debug|Any CPU.Build.0 = Debug|Any CPU
		{EA75A689-32DB-4133-BE3B-F0EAEC6B2A61}.Release|Any CPU.ActiveCfg = Release|Any CPU
		{EA75A689-32DB-4133-BE3B-F0EAEC6B2A61}.Release|Any CPU.Build.0 = Release|Any CPU
	EndGlobalSection
	GlobalSection(SolutionProperties) = preSolution
		HideSolutionNode = FALSE
	EndGlobalSection
	GlobalSection(ExtensibilityGlobals) = postSolution
		SolutionGuid = {0225F984-7290-4DAF-8D80-9517F71E4236}
	EndGlobalSection
EndGlobal
