
Microsoft Visual Studio Solution File, Format Version 12.00
# Visual Studio Version 16
VisualStudioVersion = 16.0.30621.155
MinimumVisualStudioVersion = 10.0.40219.1
Project("{FAE04EC0-301F-11D3-BF4B-00C04F79EFBC}") = "1. Retangulo", "1. Retangulo\1. Retangulo.csproj", "{CC581C80-A16B-49F9-BC77-205709372E8B}"
EndProject
Global
	GlobalSection(SolutionConfigurationPlatforms) = preSolution
		Debug|Any CPU = Debug|Any CPU
		Release|Any CPU = Release|Any CPU
	EndGlobalSection
	GlobalSection(ProjectConfigurationPlatforms) = postSolution
		{CC581C80-A16B-49F9-BC77-205709372E8B}.Debug|Any CPU.ActiveCfg = Debug|Any CPU
		{CC581C80-A16B-49F9-BC77-205709372E8B}.Debug|Any CPU.Build.0 = Debug|Any CPU
		{CC581C80-A16B-49F9-BC77-205709372E8B}.Release|Any CPU.ActiveCfg = Release|Any CPU
		{CC581C80-A16B-49F9-BC77-205709372E8B}.Release|Any CPU.Build.0 = Release|Any CPU
	EndGlobalSection
	GlobalSection(SolutionProperties) = preSolution
		HideSolutionNode = FALSE
	EndGlobalSection
	GlobalSection(ExtensibilityGlobals) = postSolution
		SolutionGuid = {CC6EC8A4-B7BF-46F5-A351-0022196B630F}
	EndGlobalSection
EndGlobal
