
Microsoft Visual Studio Solution File, Format Version 12.00
# Visual Studio Version 16
VisualStudioVersion = 16.0.30621.155
MinimumVisualStudioVersion = 10.0.40219.1
Project("{FAE04EC0-301F-11D3-BF4B-00C04F79EFBC}") = "3. Entrada de Dados (Exercicio)", "3. Entrada de Dados (Exercicio)\3. Entrada de Dados (Exercicio).csproj", "{EE62A19E-CC76-4E80-AC1E-9C9D2F3F130C}"
EndProject
Global
	GlobalSection(SolutionConfigurationPlatforms) = preSolution
		Debug|Any CPU = Debug|Any CPU
		Release|Any CPU = Release|Any CPU
	EndGlobalSection
	GlobalSection(ProjectConfigurationPlatforms) = postSolution
		{EE62A19E-CC76-4E80-AC1E-9C9D2F3F130C}.Debug|Any CPU.ActiveCfg = Debug|Any CPU
		{EE62A19E-CC76-4E80-AC1E-9C9D2F3F130C}.Debug|Any CPU.Build.0 = Debug|Any CPU
		{EE62A19E-CC76-4E80-AC1E-9C9D2F3F130C}.Release|Any CPU.ActiveCfg = Release|Any CPU
		{EE62A19E-CC76-4E80-AC1E-9C9D2F3F130C}.Release|Any CPU.Build.0 = Release|Any CPU
	EndGlobalSection
	GlobalSection(SolutionProperties) = preSolution
		HideSolutionNode = FALSE
	EndGlobalSection
	GlobalSection(ExtensibilityGlobals) = postSolution
		SolutionGuid = {B1645DD2-1AF5-42E6-9591-6CE2C557F708}
	EndGlobalSection
EndGlobal
