
Microsoft Visual Studio Solution File, Format Version 12.00
# Visual Studio Version 16
VisualStudioVersion = 16.0.30621.155
MinimumVisualStudioVersion = 10.0.40219.1
Project("{FAE04EC0-301F-11D3-BF4B-00C04F79EFBC}") = "4. Preço", "4. Preço\4. Preço.csproj", "{7EA0042C-AB5D-4EE1-AEE1-E5C62E80181C}"
EndProject
Global
	GlobalSection(SolutionConfigurationPlatforms) = preSolution
		Debug|Any CPU = Debug|Any CPU
		Release|Any CPU = Release|Any CPU
	EndGlobalSection
	GlobalSection(ProjectConfigurationPlatforms) = postSolution
		{7EA0042C-AB5D-4EE1-AEE1-E5C62E80181C}.Debug|Any CPU.ActiveCfg = Debug|Any CPU
		{7EA0042C-AB5D-4EE1-AEE1-E5C62E80181C}.Debug|Any CPU.Build.0 = Debug|Any CPU
		{7EA0042C-AB5D-4EE1-AEE1-E5C62E80181C}.Release|Any CPU.ActiveCfg = Release|Any CPU
		{7EA0042C-AB5D-4EE1-AEE1-E5C62E80181C}.Release|Any CPU.Build.0 = Release|Any CPU
	EndGlobalSection
	GlobalSection(SolutionProperties) = preSolution
		HideSolutionNode = FALSE
	EndGlobalSection
	GlobalSection(ExtensibilityGlobals) = postSolution
		SolutionGuid = {7D047F71-57B5-46BD-AD3F-54D933C8E02E}
	EndGlobalSection
EndGlobal
