
Microsoft Visual Studio Solution File, Format Version 12.00
# Visual Studio Version 16
VisualStudioVersion = 16.0.31005.135
MinimumVisualStudioVersion = 10.0.40219.1
Project("{FAE04EC0-301F-11D3-BF4B-00C04F79EFBC}") = "1. Inferencia - Var", "1. Inferencia - Var\1. Inferencia - Var.csproj", "{9663E297-8845-4E99-80A4-F85C9E0BF29C}"
EndProject
Global
	GlobalSection(SolutionConfigurationPlatforms) = preSolution
		Debug|Any CPU = Debug|Any CPU
		Release|Any CPU = Release|Any CPU
	EndGlobalSection
	GlobalSection(ProjectConfigurationPlatforms) = postSolution
		{9663E297-8845-4E99-80A4-F85C9E0BF29C}.Debug|Any CPU.ActiveCfg = Debug|Any CPU
		{9663E297-8845-4E99-80A4-F85C9E0BF29C}.Debug|Any CPU.Build.0 = Debug|Any CPU
		{9663E297-8845-4E99-80A4-F85C9E0BF29C}.Release|Any CPU.ActiveCfg = Release|Any CPU
		{9663E297-8845-4E99-80A4-F85C9E0BF29C}.Release|Any CPU.Build.0 = Release|Any CPU
	EndGlobalSection
	GlobalSection(SolutionProperties) = preSolution
		HideSolutionNode = FALSE
	EndGlobalSection
	GlobalSection(ExtensibilityGlobals) = postSolution
		SolutionGuid = {03472F8A-D33E-4B47-A60E-12D8B017808E}
	EndGlobalSection
EndGlobal
