
Microsoft Visual Studio Solution File, Format Version 12.00
# Visual Studio Version 16
VisualStudioVersion = 16.0.31424.327
MinimumVisualStudioVersion = 10.0.40219.1
Project("{FAE04EC0-301F-11D3-BF4B-00C04F79EFBC}") = "FuncionarioSalario", "FuncionarioSalario\FuncionarioSalario.csproj", "{B0146770-82A9-4801-A6E4-BB763037B002}"
EndProject
Global
	GlobalSection(SolutionConfigurationPlatforms) = preSolution
		Debug|Any CPU = Debug|Any CPU
		Release|Any CPU = Release|Any CPU
	EndGlobalSection
	GlobalSection(ProjectConfigurationPlatforms) = postSolution
		{B0146770-82A9-4801-A6E4-BB763037B002}.Debug|Any CPU.ActiveCfg = Debug|Any CPU
		{B0146770-82A9-4801-A6E4-BB763037B002}.Debug|Any CPU.Build.0 = Debug|Any CPU
		{B0146770-82A9-4801-A6E4-BB763037B002}.Release|Any CPU.ActiveCfg = Release|Any CPU
		{B0146770-82A9-4801-A6E4-BB763037B002}.Release|Any CPU.Build.0 = Release|Any CPU
	EndGlobalSection
	GlobalSection(SolutionProperties) = preSolution
		HideSolutionNode = FALSE
	EndGlobalSection
	GlobalSection(ExtensibilityGlobals) = postSolution
		SolutionGuid = {EDB142F2-99DE-4945-93A2-170D536E0659}
	EndGlobalSection
EndGlobal
