
Microsoft Visual Studio Solution File, Format Version 12.00
# Visual Studio Version 16
VisualStudioVersion = 16.0.30907.101
MinimumVisualStudioVersion = 10.0.40219.1
Project("{FAE04EC0-301F-11D3-BF4B-00C04F79EFBC}") = "3.2 Vetor - Class - Struct", "3.2 Vetor - Class - Struct\3.2 Vetor - Class - Struct.csproj", "{0B704DF1-1547-486E-A57D-52549CE656B2}"
EndProject
Global
	GlobalSection(SolutionConfigurationPlatforms) = preSolution
		Debug|Any CPU = Debug|Any CPU
		Release|Any CPU = Release|Any CPU
	EndGlobalSection
	GlobalSection(ProjectConfigurationPlatforms) = postSolution
		{0B704DF1-1547-486E-A57D-52549CE656B2}.Debug|Any CPU.ActiveCfg = Debug|Any CPU
		{0B704DF1-1547-486E-A57D-52549CE656B2}.Debug|Any CPU.Build.0 = Debug|Any CPU
		{0B704DF1-1547-486E-A57D-52549CE656B2}.Release|Any CPU.ActiveCfg = Release|Any CPU
		{0B704DF1-1547-486E-A57D-52549CE656B2}.Release|Any CPU.Build.0 = Release|Any CPU
	EndGlobalSection
	GlobalSection(SolutionProperties) = preSolution
		HideSolutionNode = FALSE
	EndGlobalSection
	GlobalSection(ExtensibilityGlobals) = postSolution
		SolutionGuid = {60EB6884-90E9-4F0C-9CCB-B187F3FAEC9F}
	EndGlobalSection
EndGlobal
