
Microsoft Visual Studio Solution File, Format Version 12.00
# Visual Studio Version 16
VisualStudioVersion = 16.0.31313.79
MinimumVisualStudioVersion = 10.0.40219.1
Project("{FAE04EC0-301F-11D3-BF4B-00C04F79EFBC}") = "Path De Arquivos", "Path De Arquivos\Path De Arquivos.csproj", "{609A6145-0A91-45FD-86DA-164B6D159E9C}"
EndProject
Global
	GlobalSection(SolutionConfigurationPlatforms) = preSolution
		Debug|Any CPU = Debug|Any CPU
		Release|Any CPU = Release|Any CPU
	EndGlobalSection
	GlobalSection(ProjectConfigurationPlatforms) = postSolution
		{609A6145-0A91-45FD-86DA-164B6D159E9C}.Debug|Any CPU.ActiveCfg = Debug|Any CPU
		{609A6145-0A91-45FD-86DA-164B6D159E9C}.Debug|Any CPU.Build.0 = Debug|Any CPU
		{609A6145-0A91-45FD-86DA-164B6D159E9C}.Release|Any CPU.ActiveCfg = Release|Any CPU
		{609A6145-0A91-45FD-86DA-164B6D159E9C}.Release|Any CPU.Build.0 = Release|Any CPU
	EndGlobalSection
	GlobalSection(SolutionProperties) = preSolution
		HideSolutionNode = FALSE
	EndGlobalSection
	GlobalSection(ExtensibilityGlobals) = postSolution
		SolutionGuid = {24E6C7A7-ED8C-459A-90D6-6849D609E9D7}
	EndGlobalSection
EndGlobal
