
Microsoft Visual Studio Solution File, Format Version 12.00
# Visual Studio Version 16
VisualStudioVersion = 16.0.30621.155
MinimumVisualStudioVersion = 10.0.40219.1
Project("{FAE04EC0-301F-11D3-BF4B-00C04F79EFBC}") = "6. Propriedades", "6. Propriedades\6. Propriedades.csproj", "{304E19ED-0372-42FC-9A17-FD3F47835A18}"
EndProject
Global
	GlobalSection(SolutionConfigurationPlatforms) = preSolution
		Debug|Any CPU = Debug|Any CPU
		Release|Any CPU = Release|Any CPU
	EndGlobalSection
	GlobalSection(ProjectConfigurationPlatforms) = postSolution
		{304E19ED-0372-42FC-9A17-FD3F47835A18}.Debug|Any CPU.ActiveCfg = Debug|Any CPU
		{304E19ED-0372-42FC-9A17-FD3F47835A18}.Debug|Any CPU.Build.0 = Debug|Any CPU
		{304E19ED-0372-42FC-9A17-FD3F47835A18}.Release|Any CPU.ActiveCfg = Release|Any CPU
		{304E19ED-0372-42FC-9A17-FD3F47835A18}.Release|Any CPU.Build.0 = Release|Any CPU
	EndGlobalSection
	GlobalSection(SolutionProperties) = preSolution
		HideSolutionNode = FALSE
	EndGlobalSection
	GlobalSection(ExtensibilityGlobals) = postSolution
		SolutionGuid = {83893AEF-BE1C-41B9-A7A4-94C01908E30F}
	EndGlobalSection
EndGlobal
