
Microsoft Visual Studio Solution File, Format Version 12.00
# Visual Studio Version 16
VisualStudioVersion = 16.0.32428.217
MinimumVisualStudioVersion = 10.0.40219.1
Project("{FAE04EC0-301F-11D3-BF4B-00C04F79EFBC}") = "Exercicios1", "Exercicios1\Exercicios1.csproj", "{98B58DD9-5F4F-4FC3-BB46-45858314C39D}"
EndProject
Global
	GlobalSection(SolutionConfigurationPlatforms) = preSolution
		Debug|Any CPU = Debug|Any CPU
		Release|Any CPU = Release|Any CPU
	EndGlobalSection
	GlobalSection(ProjectConfigurationPlatforms) = postSolution
		{98B58DD9-5F4F-4FC3-BB46-45858314C39D}.Debug|Any CPU.ActiveCfg = Debug|Any CPU
		{98B58DD9-5F4F-4FC3-BB46-45858314C39D}.Debug|Any CPU.Build.0 = Debug|Any CPU
		{98B58DD9-5F4F-4FC3-BB46-45858314C39D}.Release|Any CPU.ActiveCfg = Release|Any CPU
		{98B58DD9-5F4F-4FC3-BB46-45858314C39D}.Release|Any CPU.Build.0 = Release|Any CPU
	EndGlobalSection
	GlobalSection(SolutionProperties) = preSolution
		HideSolutionNode = FALSE
	EndGlobalSection
	GlobalSection(ExtensibilityGlobals) = postSolution
		SolutionGuid = {2DF7A6EA-2811-487A-A5EF-9756ADF230BF}
	EndGlobalSection
EndGlobal
