
Microsoft Visual Studio Solution File, Format Version 12.00
# Visual Studio Version 16
VisualStudioVersion = 16.0.30621.155
MinimumVisualStudioVersion = 10.0.40219.1
Project("{FAE04EC0-301F-11D3-BF4B-00C04F79EFBC}") = "3. Entrada de Dados 2", "3. Entrada de Dados 2\3. Entrada de Dados 2.csproj", "{2C544EAE-CB39-43DF-A0BE-7069F981CB64}"
EndProject
Global
	GlobalSection(SolutionConfigurationPlatforms) = preSolution
		Debug|Any CPU = Debug|Any CPU
		Release|Any CPU = Release|Any CPU
	EndGlobalSection
	GlobalSection(ProjectConfigurationPlatforms) = postSolution
		{2C544EAE-CB39-43DF-A0BE-7069F981CB64}.Debug|Any CPU.ActiveCfg = Debug|Any CPU
		{2C544EAE-CB39-43DF-A0BE-7069F981CB64}.Debug|Any CPU.Build.0 = Debug|Any CPU
		{2C544EAE-CB39-43DF-A0BE-7069F981CB64}.Release|Any CPU.ActiveCfg = Release|Any CPU
		{2C544EAE-CB39-43DF-A0BE-7069F981CB64}.Release|Any CPU.Build.0 = Release|Any CPU
	EndGlobalSection
	GlobalSection(SolutionProperties) = preSolution
		HideSolutionNode = FALSE
	EndGlobalSection
	GlobalSection(ExtensibilityGlobals) = postSolution
		SolutionGuid = {CED087D7-C340-419A-8241-97402CDD2899}
	EndGlobalSection
EndGlobal
