
Microsoft Visual Studio Solution File, Format Version 12.00
# Visual Studio Version 16
VisualStudioVersion = 16.0.31005.135
MinimumVisualStudioVersion = 10.0.40219.1
Project("{FAE04EC0-301F-11D3-BF4B-00C04F79EFBC}") = "8.2 Revisao", "8.2 Revisao\8.2 Revisao.csproj", "{97AAAE00-C124-40EE-ABC5-3742A8B61699}"
EndProject
Global
	GlobalSection(SolutionConfigurationPlatforms) = preSolution
		Debug|Any CPU = Debug|Any CPU
		Release|Any CPU = Release|Any CPU
	EndGlobalSection
	GlobalSection(ProjectConfigurationPlatforms) = postSolution
		{97AAAE00-C124-40EE-ABC5-3742A8B61699}.Debug|Any CPU.ActiveCfg = Debug|Any CPU
		{97AAAE00-C124-40EE-ABC5-3742A8B61699}.Debug|Any CPU.Build.0 = Debug|Any CPU
		{97AAAE00-C124-40EE-ABC5-3742A8B61699}.Release|Any CPU.ActiveCfg = Release|Any CPU
		{97AAAE00-C124-40EE-ABC5-3742A8B61699}.Release|Any CPU.Build.0 = Release|Any CPU
	EndGlobalSection
	GlobalSection(SolutionProperties) = preSolution
		HideSolutionNode = FALSE
	EndGlobalSection
	GlobalSection(ExtensibilityGlobals) = postSolution
		SolutionGuid = {45D833CB-6719-486C-A461-115A8BD0D965}
	EndGlobalSection
EndGlobal
