
Microsoft Visual Studio Solution File, Format Version 12.00
# Visual Studio Version 16
VisualStudioVersion = 16.0.31410.357
MinimumVisualStudioVersion = 10.0.40219.1
Project("{FAE04EC0-301F-11D3-BF4B-00C04F79EFBC}") = "Retangulo", "Retangulo\Retangulo.csproj", "{970C3D9B-0B95-4936-A48E-76DD59D6A550}"
EndProject
Global
	GlobalSection(SolutionConfigurationPlatforms) = preSolution
		Debug|Any CPU = Debug|Any CPU
		Release|Any CPU = Release|Any CPU
	EndGlobalSection
	GlobalSection(ProjectConfigurationPlatforms) = postSolution
		{970C3D9B-0B95-4936-A48E-76DD59D6A550}.Debug|Any CPU.ActiveCfg = Debug|Any CPU
		{970C3D9B-0B95-4936-A48E-76DD59D6A550}.Debug|Any CPU.Build.0 = Debug|Any CPU
		{970C3D9B-0B95-4936-A48E-76DD59D6A550}.Release|Any CPU.ActiveCfg = Release|Any CPU
		{970C3D9B-0B95-4936-A48E-76DD59D6A550}.Release|Any CPU.Build.0 = Release|Any CPU
	EndGlobalSection
	GlobalSection(SolutionProperties) = preSolution
		HideSolutionNode = FALSE
	EndGlobalSection
	GlobalSection(ExtensibilityGlobals) = postSolution
		SolutionGuid = {07229A61-4E2D-4BCB-BEC2-6406567D2C00}
	EndGlobalSection
EndGlobal
